
Microsoft Visual Studio Solution File, Format Version 12.00
# Visual Studio Version 17
VisualStudioVersion = 17.0.31903.59
MinimumVisualStudioVersion = 10.0.40219.1
Project("{FAE04EC0-301F-11D3-BF4B-00C04F79EFBC}") = "XLN-Hosted.Server", "XLN-Hosted\Server\XLN-Hosted.Server.csproj", "{B95C38C2-CA98-4138-BF10-5C9365369128}"
EndProject
Project("{FAE04EC0-301F-11D3-BF4B-00C04F79EFBC}") = "XLN-Hosted.Client", "XLN-Hosted\Client\XLN-Hosted.Client.csproj", "{06919678-33E3-402C-B360-144C18439FC8}"
EndProject
Project("{FAE04EC0-301F-11D3-BF4B-00C04F79EFBC}") = "XLN-Hosted.Shared", "XLN-Hosted\Shared\XLN-Hosted.Shared.csproj", "{9F22DC24-5B97-4A9B-B278-7A3C0A239EDA}"
EndProject
Global
	GlobalSection(SolutionConfigurationPlatforms) = preSolution
		Debug|Any CPU = Debug|Any CPU
		Release|Any CPU = Release|Any CPU
	EndGlobalSection
	GlobalSection(ProjectConfigurationPlatforms) = postSolution
		{B95C38C2-CA98-4138-BF10-5C9365369128}.Debug|Any CPU.ActiveCfg = Debug|Any CPU
		{B95C38C2-CA98-4138-BF10-5C9365369128}.Debug|Any CPU.Build.0 = Debug|Any CPU
		{B95C38C2-CA98-4138-BF10-5C9365369128}.Release|Any CPU.ActiveCfg = Release|Any CPU
		{B95C38C2-CA98-4138-BF10-5C9365369128}.Release|Any CPU.Build.0 = Release|Any CPU
		{06919678-33E3-402C-B360-144C18439FC8}.Debug|Any CPU.ActiveCfg = Debug|Any CPU
		{06919678-33E3-402C-B360-144C18439FC8}.Debug|Any CPU.Build.0 = Debug|Any CPU
		{06919678-33E3-402C-B360-144C18439FC8}.Release|Any CPU.ActiveCfg = Release|Any CPU
		{06919678-33E3-402C-B360-144C18439FC8}.Release|Any CPU.Build.0 = Release|Any CPU
		{9F22DC24-5B97-4A9B-B278-7A3C0A239EDA}.Debug|Any CPU.ActiveCfg = Debug|Any CPU
		{9F22DC24-5B97-4A9B-B278-7A3C0A239EDA}.Debug|Any CPU.Build.0 = Debug|Any CPU
		{9F22DC24-5B97-4A9B-B278-7A3C0A239EDA}.Release|Any CPU.ActiveCfg = Release|Any CPU
		{9F22DC24-5B97-4A9B-B278-7A3C0A239EDA}.Release|Any CPU.Build.0 = Release|Any CPU
	EndGlobalSection
	GlobalSection(SolutionProperties) = preSolution
		HideSolutionNode = FALSE
	EndGlobalSection
	GlobalSection(ExtensibilityGlobals) = postSolution
		SolutionGuid = {126F9006-2ABB-4420-A693-A975C4D82C31}
	EndGlobalSection
EndGlobal
