
Microsoft Visual Studio Solution File, Format Version 12.00
# Visual Studio Version 16
VisualStudioVersion = 16.0.32106.194
MinimumVisualStudioVersion = 10.0.40219.1
Project("{FAE04EC0-301F-11D3-BF4B-00C04F79EFBC}") = "XLN", "XLN\XLN.csproj", "{046BF442-FF3B-4EE8-B420-D67DBEA43BCD}"
EndProject
Global
	GlobalSection(SolutionConfigurationPlatforms) = preSolution
		Debug|Any CPU = Debug|Any CPU
		Release|Any CPU = Release|Any CPU
	EndGlobalSection
	GlobalSection(ProjectConfigurationPlatforms) = postSolution
		{046BF442-FF3B-4EE8-B420-D67DBEA43BCD}.Debug|Any CPU.ActiveCfg = Debug|Any CPU
		{046BF442-FF3B-4EE8-B420-D67DBEA43BCD}.Debug|Any CPU.Build.0 = Debug|Any CPU
		{046BF442-FF3B-4EE8-B420-D67DBEA43BCD}.Release|Any CPU.ActiveCfg = Release|Any CPU
		{046BF442-FF3B-4EE8-B420-D67DBEA43BCD}.Release|Any CPU.Build.0 = Release|Any CPU
	EndGlobalSection
	GlobalSection(SolutionProperties) = preSolution
		HideSolutionNode = FALSE
	EndGlobalSection
	GlobalSection(ExtensibilityGlobals) = postSolution
		SolutionGuid = {AEDC4CF4-9B20-4D44-A571-803FF6E78B1F}
	EndGlobalSection
EndGlobal
